{
  "nodes": {
    "flake-parts": {
      "inputs": {
        "nixpkgs-lib": "nixpkgs-lib"
      },
      "locked": {
        "lastModified": 1682984683,
        "narHash": "sha256-fSMthG+tp60AHhNmaHc4StT3ltfHkQsJtN8GhfLWmtI=",
        "owner": "hercules-ci",
        "repo": "flake-parts",
        "rev": "86684881e184f41aa322e653880e497b66429f3e",
        "type": "github"
      },
      "original": {
        "owner": "hercules-ci",
        "repo": "flake-parts",
        "type": "github"
      }
    },
    "fortran-src": {
      "flake": false,
      "locked": {
        "lastModified": 1683195792,
        "narHash": "sha256-NnQFNu16ePJVriJmlYlj2LkICMoinXuQGFgcUCYWsJ8=",
        "owner": "camfort",
        "repo": "fortran-src",
        "rev": "77c36522cc3cd39ec0567235649232a4656af371",
        "type": "github"
      },
      "original": {
        "owner": "camfort",
        "repo": "fortran-src",
        "type": "github"
      }
    },
    "fortran-src-extras": {
      "flake": false,
      "locked": {
        "lastModified": 1679406751,
        "narHash": "sha256-Rv/45xIP8Isn4Q6NewAhI99Upobdlq4DFVidjCF265s=",
        "owner": "camfort",
        "repo": "fortran-src-extras",
        "rev": "1bfae986da78309893f565a85a927e536b1e2693",
        "type": "github"
      },
      "original": {
        "owner": "camfort",
        "repo": "fortran-src-extras",
        "type": "github"
      }
    },
    "haskell-flake": {
      "locked": {
        "lastModified": 1683063956,
        "narHash": "sha256-3kkFO2MOjuHxNqo0ZmxEjUnH34/0zkFpmsqjtRMGKkg=",
        "owner": "srid",
        "repo": "haskell-flake",
        "rev": "a72d4c3a4e9656766f5a5315ac5358417d21b78e",
        "type": "github"
      },
      "original": {
        "owner": "srid",
        "repo": "haskell-flake",
        "type": "github"
      }
    },
    "nixpkgs": {
      "locked": {
        "lastModified": 1683082554,
        "narHash": "sha256-emO6mChgdBi4RwchtCCtAkvFf/OSkMyOQMqk6EZEPJA=",
        "owner": "nixos",
        "repo": "nixpkgs",
        "rev": "0d373d5af960504dd60c3d06c65e553b36ef29d8",
        "type": "github"
      },
      "original": {
        "owner": "nixos",
        "ref": "nixpkgs-unstable",
        "repo": "nixpkgs",
        "type": "github"
      }
    },
    "nixpkgs-lib": {
      "locked": {
        "dir": "lib",
        "lastModified": 1682879489,
        "narHash": "sha256-sASwo8gBt7JDnOOstnps90K1wxmVfyhsTPPNTGBPjjg=",
        "owner": "NixOS",
        "repo": "nixpkgs",
        "rev": "da45bf6ec7bbcc5d1e14d3795c025199f28e0de0",
        "type": "github"
      },
      "original": {
        "dir": "lib",
        "owner": "NixOS",
        "ref": "nixos-unstable",
        "repo": "nixpkgs",
        "type": "github"
      }
    },
    "root": {
      "inputs": {
        "flake-parts": "flake-parts",
        "fortran-src": "fortran-src",
        "fortran-src-extras": "fortran-src-extras",
        "haskell-flake": "haskell-flake",
        "nixpkgs": "nixpkgs"
      }
    }
  },
  "root": "root",
  "version": 7
}
