{
  "nodes": {
    "flake-parts": {
      "inputs": {
        "nixpkgs-lib": "nixpkgs-lib"
      },
      "locked": {
        "lastModified": 1679737941,
        "narHash": "sha256-srSD9CwsVPnUMsIZ7Kt/UegkKUEBcTyU1Rev7mO45S0=",
        "owner": "hercules-ci",
        "repo": "flake-parts",
        "rev": "3502ee99d6dade045bdeaf7b0cd8ec703484c25c",
        "type": "github"
      },
      "original": {
        "owner": "hercules-ci",
        "repo": "flake-parts",
        "type": "github"
      }
    },
    "fortran-src": {
      "flake": false,
      "locked": {
        "lastModified": 1680094472,
        "narHash": "sha256-2YpaI/ns7MB55jYECkDSyTf9TEU96B3FvIPfBxG+S/w=",
        "owner": "camfort",
        "repo": "fortran-src",
        "rev": "f0ed680bdac13d1a9be16c9c4c3529f7aff65f08",
        "type": "github"
      },
      "original": {
        "owner": "camfort",
        "ref": "semtype-dimensions-maybe",
        "repo": "fortran-src",
        "type": "github"
      }
    },
    "fortran-src-extras": {
      "flake": false,
      "locked": {
        "lastModified": 1679406751,
        "narHash": "sha256-Rv/45xIP8Isn4Q6NewAhI99Upobdlq4DFVidjCF265s=",
        "owner": "camfort",
        "repo": "fortran-src-extras",
        "rev": "1bfae986da78309893f565a85a927e536b1e2693",
        "type": "github"
      },
      "original": {
        "owner": "camfort",
        "repo": "fortran-src-extras",
        "type": "github"
      }
    },
    "haskell-flake": {
      "locked": {
        "lastModified": 1679923482,
        "narHash": "sha256-JFyktmGIqI/n/pI9jFGdJlFkvdq8M81PqOtDl8YPnI8=",
        "owner": "srid",
        "repo": "haskell-flake",
        "rev": "65c166728f7ebfa497cbbede7c0003f069c64cf5",
        "type": "github"
      },
      "original": {
        "owner": "srid",
        "repo": "haskell-flake",
        "type": "github"
      }
    },
    "nixpkgs": {
      "locked": {
        "lastModified": 1680030621,
        "narHash": "sha256-qQa1NeS5Rvk2lgK5lSk986PC6I72yIHejzM8PFu+dHs=",
        "owner": "nixos",
        "repo": "nixpkgs",
        "rev": "402cc3633cc60dfc50378197305c984518b30773",
        "type": "github"
      },
      "original": {
        "owner": "nixos",
        "ref": "nixpkgs-unstable",
        "repo": "nixpkgs",
        "type": "github"
      }
    },
    "nixpkgs-lib": {
      "locked": {
        "dir": "lib",
        "lastModified": 1678375444,
        "narHash": "sha256-XIgHfGvjFvZQ8hrkfocanCDxMefc/77rXeHvYdzBMc8=",
        "owner": "NixOS",
        "repo": "nixpkgs",
        "rev": "130fa0baaa2b93ec45523fdcde942f6844ee9f6e",
        "type": "github"
      },
      "original": {
        "dir": "lib",
        "owner": "NixOS",
        "ref": "nixos-unstable",
        "repo": "nixpkgs",
        "type": "github"
      }
    },
    "root": {
      "inputs": {
        "flake-parts": "flake-parts",
        "fortran-src": "fortran-src",
        "fortran-src-extras": "fortran-src-extras",
        "haskell-flake": "haskell-flake",
        "nixpkgs": "nixpkgs"
      }
    }
  },
  "root": "root",
  "version": 7
}
