# This file was autogenerated by Stack.
# You should not edit this file by hand.
# For more information, please see the documentation at:
#   https://docs.haskellstack.org/en/stable/lock_files

snapshots:
- original: lts-16.28
  completed:
    sha256: a9c01d860ac8dfb3a1b6f7ec4a36dd9504a95392b89c99b0877da63fa36a8e97
    url: https://raw.githubusercontent.com/commercialhaskell/stackage-snapshots/master/lts/16/28.yaml
    size: 533053
packages:
- original:
    hackage: fortran-src-0.9.0@sha256:4912cbe951bb28681ef2c17bde35392a588c8c4290b54cfac9a5185f3f104074,9206
  completed:
    pantry-tree:
      sha256: 6a23e09e54d84a2830c6a910323428bc654b2bbddd2d461cb9ecbb40af8bff3d
      size: 8799
    hackage: fortran-src-0.9.0@sha256:4912cbe951bb28681ef2c17bde35392a588c8c4290b54cfac9a5185f3f104074,9206
- original:
    hackage: fortran-src-extras-0.3.0@sha256:a3cdbb02079653eb5abbac30796bda95099453eb51616001edf761321810631d,2010
  completed:
    pantry-tree:
      sha256: 8b40707b7fa61a99afa402ba736ffdf45a0673aa14272bed4b9f91beffd1e1cf
      size: 904
    hackage: fortran-src-extras-0.3.0@sha256:a3cdbb02079653eb5abbac30796bda95099453eb51616001edf761321810631d,2010
